
Microsoft Visual Studio Solution File, Format Version 12.00
# Visual Studio Version 16
VisualStudioVersion = 16.0.30204.135
MinimumVisualStudioVersion = 10.0.40219.1
Project("{8BC9CEB8-8B4A-11D0-8D11-00A0C91BC942}") = "dungeons-hack", "dungeons-hack\dungeons-hack.vcxproj", "{9BF5DA08-AEA7-4DAE-9416-8A1BF6FE1848}"
EndProject
Global
	GlobalSection(SolutionConfigurationPlatforms) = preSolution
		Debug|x64 = Debug|x64
		Debug|x86 = Debug|x86
		Release|x64 = Release|x64
		Release|x86 = Release|x86
	EndGlobalSection
	GlobalSection(ProjectConfigurationPlatforms) = postSolution
		{9BF5DA08-AEA7-4DAE-9416-8A1BF6FE1848}.Debug|x64.ActiveCfg = Debug|x64
		{9BF5DA08-AEA7-4DAE-9416-8A1BF6FE1848}.Debug|x64.Build.0 = Debug|x64
		{9BF5DA08-AEA7-4DAE-9416-8A1BF6FE1848}.Debug|x86.ActiveCfg = Debug|Win32
		{9BF5DA08-AEA7-4DAE-9416-8A1BF6FE1848}.Debug|x86.Build.0 = Debug|Win32
		{9BF5DA08-AEA7-4DAE-9416-8A1BF6FE1848}.Release|x64.ActiveCfg = Release|x64
		{9BF5DA08-AEA7-4DAE-9416-8A1BF6FE1848}.Release|x64.Build.0 = Release|x64
		{9BF5DA08-AEA7-4DAE-9416-8A1BF6FE1848}.Release|x86.ActiveCfg = Release|Win32
		{9BF5DA08-AEA7-4DAE-9416-8A1BF6FE1848}.Release|x86.Build.0 = Release|Win32
	EndGlobalSection
	GlobalSection(SolutionProperties) = preSolution
		HideSolutionNode = FALSE
	EndGlobalSection
	GlobalSection(ExtensibilityGlobals) = postSolution
		SolutionGuid = {5E74D0F0-6634-4D5E-8964-E649F4F54826}
	EndGlobalSection
EndGlobal
